
Microsoft Visual Studio Solution File, Format Version 12.00
# Visual Studio Version 16
VisualStudioVersion = 16.0.34031.81
MinimumVisualStudioVersion = 10.0.40219.1
Project("{FAE04EC0-301F-11D3-BF4B-00C04F79EFBC}") = "ExamWeb_PhamHuynhTanPhuc", "ExamWeb_PhamHuynhTanPhuc\ExamWeb_PhamHuynhTanPhuc.csproj", "{DD5686A1-52B9-4F55-93C8-07D08BAD04B3}"
EndProject
Global
	GlobalSection(SolutionConfigurationPlatforms) = preSolution
		Debug|Any CPU = Debug|Any CPU
		Release|Any CPU = Release|Any CPU
	EndGlobalSection
	GlobalSection(ProjectConfigurationPlatforms) = postSolution
		{DD5686A1-52B9-4F55-93C8-07D08BAD04B3}.Debug|Any CPU.ActiveCfg = Debug|Any CPU
		{DD5686A1-52B9-4F55-93C8-07D08BAD04B3}.Debug|Any CPU.Build.0 = Debug|Any CPU
		{DD5686A1-52B9-4F55-93C8-07D08BAD04B3}.Release|Any CPU.ActiveCfg = Release|Any CPU
		{DD5686A1-52B9-4F55-93C8-07D08BAD04B3}.Release|Any CPU.Build.0 = Release|Any CPU
	EndGlobalSection
	GlobalSection(SolutionProperties) = preSolution
		HideSolutionNode = FALSE
	EndGlobalSection
	GlobalSection(ExtensibilityGlobals) = postSolution
		SolutionGuid = {6DFB8038-6EFD-4EAB-A855-DFFF8A15AB23}
	EndGlobalSection
EndGlobal
